
Microsoft Visual Studio Solution File, Format Version 12.00
# Visual Studio 14
VisualStudioVersion = 14.0.23107.0
MinimumVisualStudioVersion = 10.0.40219.1
Project("{2150E333-8FDC-42A3-9474-1A3956D46DE8}") = "Front", "Front", "{1E46B338-217D-44FA-9917-4526C83ABF55}"
EndProject
Project("{D954291E-2A0B-460D-934E-DC6B0785DB48}") = "Gitter.Shared", "Gitter\Gitter.Shared\Gitter.Shared.shproj", "{7C96BD4B-08A6-452C-AC11-F1A22C11BE81}"
EndProject
Project("{FAE04EC0-301F-11D3-BF4B-00C04F79EFBC}") = "Gitter.Windows", "Gitter\Gitter.Windows\Gitter.Windows.csproj", "{BC02837A-C939-486E-A0B9-3E0A996D2118}"
EndProject
Project("{FAE04EC0-301F-11D3-BF4B-00C04F79EFBC}") = "Gitter.WindowsPhone", "Gitter\Gitter.WindowsPhone\Gitter.WindowsPhone.csproj", "{603A2E88-A40E-43FF-8BCD-1F7808C85378}"
EndProject
Project("{2150E333-8FDC-42A3-9474-1A3956D46DE8}") = "Shared", "Shared", "{7EF7C8B1-7424-4491-94CD-811BE371C77F}"
EndProject
Project("{FAE04EC0-301F-11D3-BF4B-00C04F79EFBC}") = "Gitter.Services", "Gitter.Services\Gitter.Services.csproj", "{132AB989-3150-4647-BB25-51EA4A253A0B}"
EndProject
Project("{FAE04EC0-301F-11D3-BF4B-00C04F79EFBC}") = "Gitter.W10", "Gitter.W10\Gitter.W10.csproj", "{34941DBE-2BC4-428B-82AB-35AAB61B8E12}"
EndProject
Project("{FAE04EC0-301F-11D3-BF4B-00C04F79EFBC}") = "Gitter.Configuration", "Gitter.Configuration\Gitter.Configuration.csproj", "{B974757E-DE42-436A-A014-6F5496655329}"
EndProject
Project("{FAE04EC0-301F-11D3-BF4B-00C04F79EFBC}") = "Gitter.HtmlToXaml", "Gitter.HtmlToXaml\Gitter.HtmlToXaml.csproj", "{131BC38B-4AFC-4282-9BFA-159E3E87C843}"
EndProject
Project("{2150E333-8FDC-42A3-9474-1A3956D46DE8}") = "Tasks", "Tasks", "{62F67411-21DE-4048-88A0-20CDB7D19105}"
EndProject
Project("{FAE04EC0-301F-11D3-BF4B-00C04F79EFBC}") = "Gitter.Windows.Tasks", "Gitter.Windows.Tasks\Gitter.Windows.Tasks.csproj", "{CCEBAFB6-7785-4157-BFE8-2C800D28393A}"
EndProject
Project("{FAE04EC0-301F-11D3-BF4B-00C04F79EFBC}") = "Gitter.WindowsPhone.Tasks", "Gitter.WindowsPhone.Tasks\Gitter.WindowsPhone.Tasks.csproj", "{032A6066-F5DD-46E2-8970-680E14878D81}"
EndProject
Project("{2150E333-8FDC-42A3-9474-1A3956D46DE8}") = "Services", "Services", "{7C227314-6BB0-4E6C-ADE9-CF53ECE8D174}"
EndProject
Project("{FAE04EC0-301F-11D3-BF4B-00C04F79EFBC}") = "Gitter.WindowsPhone.Services", "Gitter.WindowsPhone.Services\Gitter.WindowsPhone.Services.csproj", "{05FC5C32-CD1E-4DC2-AB7C-638A15476ACD}"
EndProject
Project("{FAE04EC0-301F-11D3-BF4B-00C04F79EFBC}") = "Gitter.Windows.Services", "Gitter.Windows.Services\Gitter.Windows.Services.csproj", "{4B0F4DF3-BF07-402C-80BB-E34CE8464877}"
EndProject
Global
	GlobalSection(SharedMSBuildProjectFiles) = preSolution
		Gitter\Gitter.Shared\Gitter.Shared.projitems*{7c96bd4b-08a6-452c-ac11-f1a22c11be81}*SharedItemsImports = 13
		Gitter\Gitter.Shared\Gitter.Shared.projitems*{603a2e88-a40e-43ff-8bcd-1f7808c85378}*SharedItemsImports = 4
		Gitter\Gitter.Shared\Gitter.Shared.projitems*{34941dbe-2bc4-428b-82ab-35aab61b8e12}*SharedItemsImports = 4
		Gitter\Gitter.Shared\Gitter.Shared.projitems*{bc02837a-c939-486e-a0b9-3e0a996d2118}*SharedItemsImports = 4
	EndGlobalSection
	GlobalSection(SolutionConfigurationPlatforms) = preSolution
		Debug|Any CPU = Debug|Any CPU
		Debug|ARM = Debug|ARM
		Debug|x64 = Debug|x64
		Debug|x86 = Debug|x86
		Release|Any CPU = Release|Any CPU
		Release|ARM = Release|ARM
		Release|x64 = Release|x64
		Release|x86 = Release|x86
	EndGlobalSection
	GlobalSection(ProjectConfigurationPlatforms) = postSolution
		{BC02837A-C939-486E-A0B9-3E0A996D2118}.Debug|Any CPU.ActiveCfg = Debug|Any CPU
		{BC02837A-C939-486E-A0B9-3E0A996D2118}.Debug|Any CPU.Build.0 = Debug|Any CPU
		{BC02837A-C939-486E-A0B9-3E0A996D2118}.Debug|Any CPU.Deploy.0 = Debug|Any CPU
		{BC02837A-C939-486E-A0B9-3E0A996D2118}.Debug|ARM.ActiveCfg = Debug|ARM
		{BC02837A-C939-486E-A0B9-3E0A996D2118}.Debug|ARM.Build.0 = Debug|ARM
		{BC02837A-C939-486E-A0B9-3E0A996D2118}.Debug|ARM.Deploy.0 = Debug|ARM
		{BC02837A-C939-486E-A0B9-3E0A996D2118}.Debug|x64.ActiveCfg = Debug|x64
		{BC02837A-C939-486E-A0B9-3E0A996D2118}.Debug|x64.Build.0 = Debug|x64
		{BC02837A-C939-486E-A0B9-3E0A996D2118}.Debug|x64.Deploy.0 = Debug|x64
		{BC02837A-C939-486E-A0B9-3E0A996D2118}.Debug|x86.ActiveCfg = Debug|x86
		{BC02837A-C939-486E-A0B9-3E0A996D2118}.Debug|x86.Build.0 = Debug|x86
		{BC02837A-C939-486E-A0B9-3E0A996D2118}.Debug|x86.Deploy.0 = Debug|x86
		{BC02837A-C939-486E-A0B9-3E0A996D2118}.Release|Any CPU.ActiveCfg = Release|Any CPU
		{BC02837A-C939-486E-A0B9-3E0A996D2118}.Release|Any CPU.Build.0 = Release|Any CPU
		{BC02837A-C939-486E-A0B9-3E0A996D2118}.Release|Any CPU.Deploy.0 = Release|Any CPU
		{BC02837A-C939-486E-A0B9-3E0A996D2118}.Release|ARM.ActiveCfg = Release|ARM
		{BC02837A-C939-486E-A0B9-3E0A996D2118}.Release|ARM.Build.0 = Release|ARM
		{BC02837A-C939-486E-A0B9-3E0A996D2118}.Release|ARM.Deploy.0 = Release|ARM
		{BC02837A-C939-486E-A0B9-3E0A996D2118}.Release|x64.ActiveCfg = Release|x64
		{BC02837A-C939-486E-A0B9-3E0A996D2118}.Release|x64.Build.0 = Release|x64
		{BC02837A-C939-486E-A0B9-3E0A996D2118}.Release|x64.Deploy.0 = Release|x64
		{BC02837A-C939-486E-A0B9-3E0A996D2118}.Release|x86.ActiveCfg = Release|x86
		{BC02837A-C939-486E-A0B9-3E0A996D2118}.Release|x86.Build.0 = Release|x86
		{BC02837A-C939-486E-A0B9-3E0A996D2118}.Release|x86.Deploy.0 = Release|x86
		{603A2E88-A40E-43FF-8BCD-1F7808C85378}.Debug|Any CPU.ActiveCfg = Debug|Any CPU
		{603A2E88-A40E-43FF-8BCD-1F7808C85378}.Debug|Any CPU.Build.0 = Debug|Any CPU
		{603A2E88-A40E-43FF-8BCD-1F7808C85378}.Debug|Any CPU.Deploy.0 = Debug|Any CPU
		{603A2E88-A40E-43FF-8BCD-1F7808C85378}.Debug|ARM.ActiveCfg = Debug|ARM
		{603A2E88-A40E-43FF-8BCD-1F7808C85378}.Debug|ARM.Build.0 = Debug|ARM
		{603A2E88-A40E-43FF-8BCD-1F7808C85378}.Debug|ARM.Deploy.0 = Debug|ARM
		{603A2E88-A40E-43FF-8BCD-1F7808C85378}.Debug|x64.ActiveCfg = Debug|Any CPU
		{603A2E88-A40E-43FF-8BCD-1F7808C85378}.Debug|x86.ActiveCfg = Debug|x86
		{603A2E88-A40E-43FF-8BCD-1F7808C85378}.Debug|x86.Build.0 = Debug|x86
		{603A2E88-A40E-43FF-8BCD-1F7808C85378}.Debug|x86.Deploy.0 = Debug|x86
		{603A2E88-A40E-43FF-8BCD-1F7808C85378}.Release|Any CPU.ActiveCfg = Release|Any CPU
		{603A2E88-A40E-43FF-8BCD-1F7808C85378}.Release|Any CPU.Build.0 = Release|Any CPU
		{603A2E88-A40E-43FF-8BCD-1F7808C85378}.Release|Any CPU.Deploy.0 = Release|Any CPU
		{603A2E88-A40E-43FF-8BCD-1F7808C85378}.Release|ARM.ActiveCfg = Release|ARM
		{603A2E88-A40E-43FF-8BCD-1F7808C85378}.Release|ARM.Build.0 = Release|ARM
		{603A2E88-A40E-43FF-8BCD-1F7808C85378}.Release|ARM.Deploy.0 = Release|ARM
		{603A2E88-A40E-43FF-8BCD-1F7808C85378}.Release|x64.ActiveCfg = Release|Any CPU
		{603A2E88-A40E-43FF-8BCD-1F7808C85378}.Release|x86.ActiveCfg = Release|x86
		{603A2E88-A40E-43FF-8BCD-1F7808C85378}.Release|x86.Build.0 = Release|x86
		{603A2E88-A40E-43FF-8BCD-1F7808C85378}.Release|x86.Deploy.0 = Release|x86
		{132AB989-3150-4647-BB25-51EA4A253A0B}.Debug|Any CPU.ActiveCfg = Debug|Any CPU
		{132AB989-3150-4647-BB25-51EA4A253A0B}.Debug|Any CPU.Build.0 = Debug|Any CPU
		{132AB989-3150-4647-BB25-51EA4A253A0B}.Debug|ARM.ActiveCfg = Debug|Any CPU
		{132AB989-3150-4647-BB25-51EA4A253A0B}.Debug|x64.ActiveCfg = Debug|Any CPU
		{132AB989-3150-4647-BB25-51EA4A253A0B}.Debug|x86.ActiveCfg = Debug|Any CPU
		{132AB989-3150-4647-BB25-51EA4A253A0B}.Release|Any CPU.ActiveCfg = Release|Any CPU
		{132AB989-3150-4647-BB25-51EA4A253A0B}.Release|Any CPU.Build.0 = Release|Any CPU
		{132AB989-3150-4647-BB25-51EA4A253A0B}.Release|ARM.ActiveCfg = Release|Any CPU
		{132AB989-3150-4647-BB25-51EA4A253A0B}.Release|x64.ActiveCfg = Release|Any CPU
		{132AB989-3150-4647-BB25-51EA4A253A0B}.Release|x86.ActiveCfg = Release|Any CPU
		{34941DBE-2BC4-428B-82AB-35AAB61B8E12}.Debug|Any CPU.ActiveCfg = Debug|x86
		{34941DBE-2BC4-428B-82AB-35AAB61B8E12}.Debug|ARM.ActiveCfg = Debug|ARM
		{34941DBE-2BC4-428B-82AB-35AAB61B8E12}.Debug|ARM.Build.0 = Debug|ARM
		{34941DBE-2BC4-428B-82AB-35AAB61B8E12}.Debug|ARM.Deploy.0 = Debug|ARM
		{34941DBE-2BC4-428B-82AB-35AAB61B8E12}.Debug|x64.ActiveCfg = Debug|x64
		{34941DBE-2BC4-428B-82AB-35AAB61B8E12}.Debug|x64.Build.0 = Debug|x64
		{34941DBE-2BC4-428B-82AB-35AAB61B8E12}.Debug|x64.Deploy.0 = Debug|x64
		{34941DBE-2BC4-428B-82AB-35AAB61B8E12}.Debug|x86.ActiveCfg = Debug|x86
		{34941DBE-2BC4-428B-82AB-35AAB61B8E12}.Debug|x86.Build.0 = Debug|x86
		{34941DBE-2BC4-428B-82AB-35AAB61B8E12}.Debug|x86.Deploy.0 = Debug|x86
		{34941DBE-2BC4-428B-82AB-35AAB61B8E12}.Release|Any CPU.ActiveCfg = Release|x86
		{34941DBE-2BC4-428B-82AB-35AAB61B8E12}.Release|ARM.ActiveCfg = Release|ARM
		{34941DBE-2BC4-428B-82AB-35AAB61B8E12}.Release|ARM.Build.0 = Release|ARM
		{34941DBE-2BC4-428B-82AB-35AAB61B8E12}.Release|ARM.Deploy.0 = Release|ARM
		{34941DBE-2BC4-428B-82AB-35AAB61B8E12}.Release|x64.ActiveCfg = Release|x64
		{34941DBE-2BC4-428B-82AB-35AAB61B8E12}.Release|x64.Build.0 = Release|x64
		{34941DBE-2BC4-428B-82AB-35AAB61B8E12}.Release|x64.Deploy.0 = Release|x64
		{34941DBE-2BC4-428B-82AB-35AAB61B8E12}.Release|x86.ActiveCfg = Release|x86
		{34941DBE-2BC4-428B-82AB-35AAB61B8E12}.Release|x86.Build.0 = Release|x86
		{34941DBE-2BC4-428B-82AB-35AAB61B8E12}.Release|x86.Deploy.0 = Release|x86
		{B974757E-DE42-436A-A014-6F5496655329}.Debug|Any CPU.ActiveCfg = Debug|Any CPU
		{B974757E-DE42-436A-A014-6F5496655329}.Debug|Any CPU.Build.0 = Debug|Any CPU
		{B974757E-DE42-436A-A014-6F5496655329}.Debug|ARM.ActiveCfg = Debug|Any CPU
		{B974757E-DE42-436A-A014-6F5496655329}.Debug|ARM.Build.0 = Debug|Any CPU
		{B974757E-DE42-436A-A014-6F5496655329}.Debug|x64.ActiveCfg = Debug|Any CPU
		{B974757E-DE42-436A-A014-6F5496655329}.Debug|x64.Build.0 = Debug|Any CPU
		{B974757E-DE42-436A-A014-6F5496655329}.Debug|x86.ActiveCfg = Debug|Any CPU
		{B974757E-DE42-436A-A014-6F5496655329}.Debug|x86.Build.0 = Debug|Any CPU
		{B974757E-DE42-436A-A014-6F5496655329}.Release|Any CPU.ActiveCfg = Release|Any CPU
		{B974757E-DE42-436A-A014-6F5496655329}.Release|Any CPU.Build.0 = Release|Any CPU
		{B974757E-DE42-436A-A014-6F5496655329}.Release|ARM.ActiveCfg = Release|Any CPU
		{B974757E-DE42-436A-A014-6F5496655329}.Release|ARM.Build.0 = Release|Any CPU
		{B974757E-DE42-436A-A014-6F5496655329}.Release|x64.ActiveCfg = Release|Any CPU
		{B974757E-DE42-436A-A014-6F5496655329}.Release|x64.Build.0 = Release|Any CPU
		{B974757E-DE42-436A-A014-6F5496655329}.Release|x86.ActiveCfg = Release|Any CPU
		{B974757E-DE42-436A-A014-6F5496655329}.Release|x86.Build.0 = Release|Any CPU
		{131BC38B-4AFC-4282-9BFA-159E3E87C843}.Debug|Any CPU.ActiveCfg = Debug|Any CPU
		{131BC38B-4AFC-4282-9BFA-159E3E87C843}.Debug|Any CPU.Build.0 = Debug|Any CPU
		{131BC38B-4AFC-4282-9BFA-159E3E87C843}.Debug|ARM.ActiveCfg = Debug|Any CPU
		{131BC38B-4AFC-4282-9BFA-159E3E87C843}.Debug|ARM.Build.0 = Debug|Any CPU
		{131BC38B-4AFC-4282-9BFA-159E3E87C843}.Debug|x64.ActiveCfg = Debug|Any CPU
		{131BC38B-4AFC-4282-9BFA-159E3E87C843}.Debug|x64.Build.0 = Debug|Any CPU
		{131BC38B-4AFC-4282-9BFA-159E3E87C843}.Debug|x86.ActiveCfg = Debug|Any CPU
		{131BC38B-4AFC-4282-9BFA-159E3E87C843}.Debug|x86.Build.0 = Debug|Any CPU
		{131BC38B-4AFC-4282-9BFA-159E3E87C843}.Release|Any CPU.ActiveCfg = Release|Any CPU
		{131BC38B-4AFC-4282-9BFA-159E3E87C843}.Release|Any CPU.Build.0 = Release|Any CPU
		{131BC38B-4AFC-4282-9BFA-159E3E87C843}.Release|ARM.ActiveCfg = Release|Any CPU
		{131BC38B-4AFC-4282-9BFA-159E3E87C843}.Release|ARM.Build.0 = Release|Any CPU
		{131BC38B-4AFC-4282-9BFA-159E3E87C843}.Release|x64.ActiveCfg = Release|Any CPU
		{131BC38B-4AFC-4282-9BFA-159E3E87C843}.Release|x64.Build.0 = Release|Any CPU
		{131BC38B-4AFC-4282-9BFA-159E3E87C843}.Release|x86.ActiveCfg = Release|Any CPU
		{131BC38B-4AFC-4282-9BFA-159E3E87C843}.Release|x86.Build.0 = Release|Any CPU
		{CCEBAFB6-7785-4157-BFE8-2C800D28393A}.Debug|Any CPU.ActiveCfg = Debug|Any CPU
		{CCEBAFB6-7785-4157-BFE8-2C800D28393A}.Debug|Any CPU.Build.0 = Debug|Any CPU
		{CCEBAFB6-7785-4157-BFE8-2C800D28393A}.Debug|ARM.ActiveCfg = Debug|ARM
		{CCEBAFB6-7785-4157-BFE8-2C800D28393A}.Debug|ARM.Build.0 = Debug|ARM
		{CCEBAFB6-7785-4157-BFE8-2C800D28393A}.Debug|x64.ActiveCfg = Debug|x64
		{CCEBAFB6-7785-4157-BFE8-2C800D28393A}.Debug|x64.Build.0 = Debug|x64
		{CCEBAFB6-7785-4157-BFE8-2C800D28393A}.Debug|x86.ActiveCfg = Debug|x86
		{CCEBAFB6-7785-4157-BFE8-2C800D28393A}.Debug|x86.Build.0 = Debug|x86
		{CCEBAFB6-7785-4157-BFE8-2C800D28393A}.Release|Any CPU.ActiveCfg = Release|Any CPU
		{CCEBAFB6-7785-4157-BFE8-2C800D28393A}.Release|Any CPU.Build.0 = Release|Any CPU
		{CCEBAFB6-7785-4157-BFE8-2C800D28393A}.Release|ARM.ActiveCfg = Release|ARM
		{CCEBAFB6-7785-4157-BFE8-2C800D28393A}.Release|ARM.Build.0 = Release|ARM
		{CCEBAFB6-7785-4157-BFE8-2C800D28393A}.Release|x64.ActiveCfg = Release|x64
		{CCEBAFB6-7785-4157-BFE8-2C800D28393A}.Release|x64.Build.0 = Release|x64
		{CCEBAFB6-7785-4157-BFE8-2C800D28393A}.Release|x86.ActiveCfg = Release|x86
		{CCEBAFB6-7785-4157-BFE8-2C800D28393A}.Release|x86.Build.0 = Release|x86
		{032A6066-F5DD-46E2-8970-680E14878D81}.Debug|Any CPU.ActiveCfg = Debug|Any CPU
		{032A6066-F5DD-46E2-8970-680E14878D81}.Debug|Any CPU.Build.0 = Debug|Any CPU
		{032A6066-F5DD-46E2-8970-680E14878D81}.Debug|ARM.ActiveCfg = Debug|ARM
		{032A6066-F5DD-46E2-8970-680E14878D81}.Debug|ARM.Build.0 = Debug|ARM
		{032A6066-F5DD-46E2-8970-680E14878D81}.Debug|x64.ActiveCfg = Debug|Any CPU
		{032A6066-F5DD-46E2-8970-680E14878D81}.Debug|x64.Build.0 = Debug|Any CPU
		{032A6066-F5DD-46E2-8970-680E14878D81}.Debug|x86.ActiveCfg = Debug|x86
		{032A6066-F5DD-46E2-8970-680E14878D81}.Debug|x86.Build.0 = Debug|x86
		{032A6066-F5DD-46E2-8970-680E14878D81}.Release|Any CPU.ActiveCfg = Release|Any CPU
		{032A6066-F5DD-46E2-8970-680E14878D81}.Release|Any CPU.Build.0 = Release|Any CPU
		{032A6066-F5DD-46E2-8970-680E14878D81}.Release|ARM.ActiveCfg = Release|ARM
		{032A6066-F5DD-46E2-8970-680E14878D81}.Release|ARM.Build.0 = Release|ARM
		{032A6066-F5DD-46E2-8970-680E14878D81}.Release|x64.ActiveCfg = Release|Any CPU
		{032A6066-F5DD-46E2-8970-680E14878D81}.Release|x64.Build.0 = Release|Any CPU
		{032A6066-F5DD-46E2-8970-680E14878D81}.Release|x86.ActiveCfg = Release|x86
		{032A6066-F5DD-46E2-8970-680E14878D81}.Release|x86.Build.0 = Release|x86
		{05FC5C32-CD1E-4DC2-AB7C-638A15476ACD}.Debug|Any CPU.ActiveCfg = Debug|Any CPU
		{05FC5C32-CD1E-4DC2-AB7C-638A15476ACD}.Debug|Any CPU.Build.0 = Debug|Any CPU
		{05FC5C32-CD1E-4DC2-AB7C-638A15476ACD}.Debug|ARM.ActiveCfg = Debug|ARM
		{05FC5C32-CD1E-4DC2-AB7C-638A15476ACD}.Debug|ARM.Build.0 = Debug|ARM
		{05FC5C32-CD1E-4DC2-AB7C-638A15476ACD}.Debug|x64.ActiveCfg = Debug|Any CPU
		{05FC5C32-CD1E-4DC2-AB7C-638A15476ACD}.Debug|x64.Build.0 = Debug|Any CPU
		{05FC5C32-CD1E-4DC2-AB7C-638A15476ACD}.Debug|x86.ActiveCfg = Debug|x86
		{05FC5C32-CD1E-4DC2-AB7C-638A15476ACD}.Debug|x86.Build.0 = Debug|x86
		{05FC5C32-CD1E-4DC2-AB7C-638A15476ACD}.Release|Any CPU.ActiveCfg = Release|Any CPU
		{05FC5C32-CD1E-4DC2-AB7C-638A15476ACD}.Release|Any CPU.Build.0 = Release|Any CPU
		{05FC5C32-CD1E-4DC2-AB7C-638A15476ACD}.Release|ARM.ActiveCfg = Release|ARM
		{05FC5C32-CD1E-4DC2-AB7C-638A15476ACD}.Release|ARM.Build.0 = Release|ARM
		{05FC5C32-CD1E-4DC2-AB7C-638A15476ACD}.Release|x64.ActiveCfg = Release|Any CPU
		{05FC5C32-CD1E-4DC2-AB7C-638A15476ACD}.Release|x64.Build.0 = Release|Any CPU
		{05FC5C32-CD1E-4DC2-AB7C-638A15476ACD}.Release|x86.ActiveCfg = Release|x86
		{05FC5C32-CD1E-4DC2-AB7C-638A15476ACD}.Release|x86.Build.0 = Release|x86
		{4B0F4DF3-BF07-402C-80BB-E34CE8464877}.Debug|Any CPU.ActiveCfg = Debug|Any CPU
		{4B0F4DF3-BF07-402C-80BB-E34CE8464877}.Debug|Any CPU.Build.0 = Debug|Any CPU
		{4B0F4DF3-BF07-402C-80BB-E34CE8464877}.Debug|ARM.ActiveCfg = Debug|ARM
		{4B0F4DF3-BF07-402C-80BB-E34CE8464877}.Debug|ARM.Build.0 = Debug|ARM
		{4B0F4DF3-BF07-402C-80BB-E34CE8464877}.Debug|x64.ActiveCfg = Debug|x64
		{4B0F4DF3-BF07-402C-80BB-E34CE8464877}.Debug|x64.Build.0 = Debug|x64
		{4B0F4DF3-BF07-402C-80BB-E34CE8464877}.Debug|x86.ActiveCfg = Debug|x86
		{4B0F4DF3-BF07-402C-80BB-E34CE8464877}.Debug|x86.Build.0 = Debug|x86
		{4B0F4DF3-BF07-402C-80BB-E34CE8464877}.Release|Any CPU.ActiveCfg = Release|Any CPU
		{4B0F4DF3-BF07-402C-80BB-E34CE8464877}.Release|Any CPU.Build.0 = Release|Any CPU
		{4B0F4DF3-BF07-402C-80BB-E34CE8464877}.Release|ARM.ActiveCfg = Release|ARM
		{4B0F4DF3-BF07-402C-80BB-E34CE8464877}.Release|ARM.Build.0 = Release|ARM
		{4B0F4DF3-BF07-402C-80BB-E34CE8464877}.Release|x64.ActiveCfg = Release|x64
		{4B0F4DF3-BF07-402C-80BB-E34CE8464877}.Release|x64.Build.0 = Release|x64
		{4B0F4DF3-BF07-402C-80BB-E34CE8464877}.Release|x86.ActiveCfg = Release|x86
		{4B0F4DF3-BF07-402C-80BB-E34CE8464877}.Release|x86.Build.0 = Release|x86
	EndGlobalSection
	GlobalSection(SolutionProperties) = preSolution
		HideSolutionNode = FALSE
	EndGlobalSection
	GlobalSection(NestedProjects) = preSolution
		{7C96BD4B-08A6-452C-AC11-F1A22C11BE81} = {7EF7C8B1-7424-4491-94CD-811BE371C77F}
		{BC02837A-C939-486E-A0B9-3E0A996D2118} = {1E46B338-217D-44FA-9917-4526C83ABF55}
		{603A2E88-A40E-43FF-8BCD-1F7808C85378} = {1E46B338-217D-44FA-9917-4526C83ABF55}
		{132AB989-3150-4647-BB25-51EA4A253A0B} = {7EF7C8B1-7424-4491-94CD-811BE371C77F}
		{34941DBE-2BC4-428B-82AB-35AAB61B8E12} = {1E46B338-217D-44FA-9917-4526C83ABF55}
		{B974757E-DE42-436A-A014-6F5496655329} = {7EF7C8B1-7424-4491-94CD-811BE371C77F}
		{131BC38B-4AFC-4282-9BFA-159E3E87C843} = {7EF7C8B1-7424-4491-94CD-811BE371C77F}
		{CCEBAFB6-7785-4157-BFE8-2C800D28393A} = {62F67411-21DE-4048-88A0-20CDB7D19105}
		{032A6066-F5DD-46E2-8970-680E14878D81} = {62F67411-21DE-4048-88A0-20CDB7D19105}
		{05FC5C32-CD1E-4DC2-AB7C-638A15476ACD} = {7C227314-6BB0-4E6C-ADE9-CF53ECE8D174}
		{4B0F4DF3-BF07-402C-80BB-E34CE8464877} = {7C227314-6BB0-4E6C-ADE9-CF53ECE8D174}
	EndGlobalSection
EndGlobal
